
Microsoft Visual Studio Solution File, Format Version 12.00
# Visual Studio Version 17
VisualStudioVersion = 17.0.32014.148
MinimumVisualStudioVersion = 10.0.40219.1
Project("{FAE04EC0-301F-11D3-BF4B-00C04F79EFBC}") = "BEER_WEB_API", "BEER_WEB_API.csproj", "{EA52205F-6370-4375-BB1F-ED66B82C410D}"
EndProject
Global
	GlobalSection(SolutionConfigurationPlatforms) = preSolution
		Debug|Any CPU = Debug|Any CPU
		Release|Any CPU = Release|Any CPU
	EndGlobalSection
	GlobalSection(ProjectConfigurationPlatforms) = postSolution
		{EA52205F-6370-4375-BB1F-ED66B82C410D}.Debug|Any CPU.ActiveCfg = Debug|Any CPU
		{EA52205F-6370-4375-BB1F-ED66B82C410D}.Debug|Any CPU.Build.0 = Debug|Any CPU
		{EA52205F-6370-4375-BB1F-ED66B82C410D}.Release|Any CPU.ActiveCfg = Release|Any CPU
		{EA52205F-6370-4375-BB1F-ED66B82C410D}.Release|Any CPU.Build.0 = Release|Any CPU
	EndGlobalSection
	GlobalSection(SolutionProperties) = preSolution
		HideSolutionNode = FALSE
	EndGlobalSection
	GlobalSection(ExtensibilityGlobals) = postSolution
		SolutionGuid = {1B31BB66-F224-4D22-9330-6851B6745C4D}
	EndGlobalSection
EndGlobal
